
Microsoft Visual Studio Solution File, Format Version 12.00
# Visual Studio Version 16
VisualStudioVersion = 16.0.29519.87
MinimumVisualStudioVersion = 10.0.40219.1
Project("{9A19103F-16F7-4668-BE54-9A1E7A4F7556}") = "Dramarr.Scrapers", "Dramarr.Scrapers/Dramarr.Scrapers.csproj", "{6A7C29DE-91B7-41FB-8D23-88834FE16BA8}"
EndProject
Project("{FAE04EC0-301F-11D3-BF4B-00C04F79EFBC}") = "Dramarr.Scrapers.Tests", "Dramarr.Scrapers.Tests\Dramarr.Scrapers.Tests.csproj", "{F4E64D99-D3E1-4B21-AD78-3CFE108421B9}"
EndProject
Global
	GlobalSection(SolutionConfigurationPlatforms) = preSolution
		Debug|Any CPU = Debug|Any CPU
		Release|Any CPU = Release|Any CPU
	EndGlobalSection
	GlobalSection(ProjectConfigurationPlatforms) = postSolution
		{6A7C29DE-91B7-41FB-8D23-88834FE16BA8}.Debug|Any CPU.ActiveCfg = Debug|Any CPU
		{6A7C29DE-91B7-41FB-8D23-88834FE16BA8}.Debug|Any CPU.Build.0 = Debug|Any CPU
		{6A7C29DE-91B7-41FB-8D23-88834FE16BA8}.Release|Any CPU.ActiveCfg = Release|Any CPU
		{6A7C29DE-91B7-41FB-8D23-88834FE16BA8}.Release|Any CPU.Build.0 = Release|Any CPU
		{F4E64D99-D3E1-4B21-AD78-3CFE108421B9}.Debug|Any CPU.ActiveCfg = Debug|Any CPU
		{F4E64D99-D3E1-4B21-AD78-3CFE108421B9}.Debug|Any CPU.Build.0 = Debug|Any CPU
		{F4E64D99-D3E1-4B21-AD78-3CFE108421B9}.Release|Any CPU.ActiveCfg = Release|Any CPU
		{F4E64D99-D3E1-4B21-AD78-3CFE108421B9}.Release|Any CPU.Build.0 = Release|Any CPU
	EndGlobalSection
	GlobalSection(SolutionProperties) = preSolution
		HideSolutionNode = FALSE
	EndGlobalSection
	GlobalSection(ExtensibilityGlobals) = postSolution
		SolutionGuid = {8386B50B-6DAA-4755-9563-6D734FB37E3D}
	EndGlobalSection
EndGlobal
